// !$*UTF8*$!
{
	archiveVersion = 1;
	classes = {
	};
	objectVersion = 50;
	objects = {

/* Begin PBXBuildFile section */
		501FB30523AEC8920057BD3A /* Gamify.swift in Sources */ = {isa = PBXBuildFile; fileRef = 501FB30423AEC8920057BD3A /* Gamify.swift */; };
		505ABEAA23A5E47900D55377 /* AppDelegate.swift in Sources */ = {isa = PBXBuildFile; fileRef = 505ABEA923A5E47900D55377 /* AppDelegate.swift */; };
		505ABEAC23A5E47900D55377 /* ViewController.swift in Sources */ = {isa = PBXBuildFile; fileRef = 505ABEAB23A5E47900D55377 /* ViewController.swift */; };
		505ABEAF23A5E47900D55377 /* Main.storyboard in Resources */ = {isa = PBXBuildFile; fileRef = 505ABEAD23A5E47900D55377 /* Main.storyboard */; };
		505ABEB123A5E47A00D55377 /* Assets.xcassets in Resources */ = {isa = PBXBuildFile; fileRef = 505ABEB023A5E47A00D55377 /* Assets.xcassets */; };
		505ABEB423A5E47A00D55377 /* LaunchScreen.storyboard in Resources */ = {isa = PBXBuildFile; fileRef = 505ABEB223A5E47A00D55377 /* LaunchScreen.storyboard */; };
		5099776323A9EAC400CE0B9A /* Toggle.swift in Sources */ = {isa = PBXBuildFile; fileRef = 5099776223A9EAC400CE0B9A /* Toggle.swift */; };
		50CE941623AA843D00A7AB3C /* SettingsViewController.swift in Sources */ = {isa = PBXBuildFile; fileRef = 50CE941523AA843D00A7AB3C /* SettingsViewController.swift */; };
		50CE943023AD377900A7AB3C /* tt_dec_song.aifc in Resources */ = {isa = PBXBuildFile; fileRef = 50CE941823AD377800A7AB3C /* tt_dec_song.aifc */; };
		50CE943123AD377900A7AB3C /* major2_dec_song.aifc in Resources */ = {isa = PBXBuildFile; fileRef = 50CE941923AD377800A7AB3C /* major2_dec_song.aifc */; };
		50CE943223AD377900A7AB3C /* minor2_asc_song.aifc in Resources */ = {isa = PBXBuildFile; fileRef = 50CE941A23AD377800A7AB3C /* minor2_asc_song.aifc */; };
		50CE943323AD377900A7AB3C /* perfect5_asc_song.aifc in Resources */ = {isa = PBXBuildFile; fileRef = 50CE941B23AD377800A7AB3C /* perfect5_asc_song.aifc */; };
		50CE943423AD377900A7AB3C /* major2_asc_song.aifc in Resources */ = {isa = PBXBuildFile; fileRef = 50CE941C23AD377800A7AB3C /* major2_asc_song.aifc */; };
		50CE943523AD377900A7AB3C /* minor6_asc_song.aifc in Resources */ = {isa = PBXBuildFile; fileRef = 50CE941D23AD377800A7AB3C /* minor6_asc_song.aifc */; };
		50CE943623AD377900A7AB3C /* minor6_dec_song.aifc in Resources */ = {isa = PBXBuildFile; fileRef = 50CE941E23AD377800A7AB3C /* minor6_dec_song.aifc */; };
		50CE943723AD377900A7AB3C /* minor3_dec_song.aifc in Resources */ = {isa = PBXBuildFile; fileRef = 50CE941F23AD377800A7AB3C /* minor3_dec_song.aifc */; };
		50CE943823AD377900A7AB3C /* major6_dec_song.aifc in Resources */ = {isa = PBXBuildFile; fileRef = 50CE942023AD377800A7AB3C /* major6_dec_song.aifc */; };
		50CE943923AD377900A7AB3C /* perfect4_dec_song.aifc in Resources */ = {isa = PBXBuildFile; fileRef = 50CE942123AD377800A7AB3C /* perfect4_dec_song.aifc */; };
		50CE943A23AD377900A7AB3C /* major7_dec_song.aifc in Resources */ = {isa = PBXBuildFile; fileRef = 50CE942223AD377800A7AB3C /* major7_dec_song.aifc */; };
		50CE943B23AD377900A7AB3C /* perfect5_dec_song.aifc in Resources */ = {isa = PBXBuildFile; fileRef = 50CE942323AD377800A7AB3C /* perfect5_dec_song.aifc */; };
		50CE943C23AD377900A7AB3C /* perfect8_asc_song.aifc in Resources */ = {isa = PBXBuildFile; fileRef = 50CE942423AD377800A7AB3C /* perfect8_asc_song.aifc */; };
		50CE943D23AD377900A7AB3C /* perfect4_asc_song.aifc in Resources */ = {isa = PBXBuildFile; fileRef = 50CE942523AD377800A7AB3C /* perfect4_asc_song.aifc */; };
		50CE943E23AD377900A7AB3C /* minor7_asc_song.aifc in Resources */ = {isa = PBXBuildFile; fileRef = 50CE942623AD377800A7AB3C /* minor7_asc_song.aifc */; };
		50CE943F23AD377900A7AB3C /* major3_dec_song.aifc in Resources */ = {isa = PBXBuildFile; fileRef = 50CE942723AD377800A7AB3C /* major3_dec_song.aifc */; };
		50CE944023AD377900A7AB3C /* minor3_asc_song.aifc in Resources */ = {isa = PBXBuildFile; fileRef = 50CE942823AD377800A7AB3C /* minor3_asc_song.aifc */; };
		50CE944123AD377900A7AB3C /* minor7_dec_song.aifc in Resources */ = {isa = PBXBuildFile; fileRef = 50CE942923AD377800A7AB3C /* minor7_dec_song.aifc */; };
		50CE944223AD377900A7AB3C /* perfect8_dec_song.aifc in Resources */ = {isa = PBXBuildFile; fileRef = 50CE942A23AD377800A7AB3C /* perfect8_dec_song.aifc */; };
		50CE944323AD377900A7AB3C /* major3_asc_song.aifc in Resources */ = {isa = PBXBuildFile; fileRef = 50CE942B23AD377800A7AB3C /* major3_asc_song.aifc */; };
		50CE944423AD377900A7AB3C /* major7_asc_song.aifc in Resources */ = {isa = PBXBuildFile; fileRef = 50CE942C23AD377800A7AB3C /* major7_asc_song.aifc */; };
		50CE944523AD377900A7AB3C /* tt_asc_song.aifc in Resources */ = {isa = PBXBuildFile; fileRef = 50CE942D23AD377900A7AB3C /* tt_asc_song.aifc */; };
		50CE944623AD377900A7AB3C /* minor2_dec_song.aifc in Resources */ = {isa = PBXBuildFile; fileRef = 50CE942E23AD377900A7AB3C /* minor2_dec_song.aifc */; };
		50CE944723AD377900A7AB3C /* major6_asc_song.aifc in Resources */ = {isa = PBXBuildFile; fileRef = 50CE942F23AD377900A7AB3C /* major6_asc_song.aifc */; };
		50CE944923ADE3CE00A7AB3C /* IntervalColor.swift in Sources */ = {isa = PBXBuildFile; fileRef = 50CE944823ADE3CE00A7AB3C /* IntervalColor.swift */; };
		50E25C3323A5F0DE00ACEF26 /* Ab5.aifc in Resources */ = {isa = PBXBuildFile; fileRef = 50E25C0623A5F0DA00ACEF26 /* Ab5.aifc */; };
		50E25C3423A5F0DE00ACEF26 /* Gb4.aifc in Resources */ = {isa = PBXBuildFile; fileRef = 50E25C0723A5F0DB00ACEF26 /* Gb4.aifc */; };
		50E25C3523A5F0DE00ACEF26 /* Db3.aifc in Resources */ = {isa = PBXBuildFile; fileRef = 50E25C0823A5F0DB00ACEF26 /* Db3.aifc */; };
		50E25C3623A5F0DE00ACEF26 /* D2.aifc in Resources */ = {isa = PBXBuildFile; fileRef = 50E25C0923A5F0DB00ACEF26 /* D2.aifc */; };
		50E25C3723A5F0DE00ACEF26 /* E5.aifc in Resources */ = {isa = PBXBuildFile; fileRef = 50E25C0A23A5F0DB00ACEF26 /* E5.aifc */; };
		50E25C3823A5F0DE00ACEF26 /* A4.aifc in Resources */ = {isa = PBXBuildFile; fileRef = 50E25C0B23A5F0DB00ACEF26 /* A4.aifc */; };
		50E25C3923A5F0DE00ACEF26 /* Eb4.aifc in Resources */ = {isa = PBXBuildFile; fileRef = 50E25C0C23A5F0DB00ACEF26 /* Eb4.aifc */; };
		50E25C3A23A5F0DE00ACEF26 /* G2.aifc in Resources */ = {isa = PBXBuildFile; fileRef = 50E25C0D23A5F0DB00ACEF26 /* G2.aifc */; };
		50E25C3B23A5F0DE00ACEF26 /* F5.aifc in Resources */ = {isa = PBXBuildFile; fileRef = 50E25C0E23A5F0DB00ACEF26 /* F5.aifc */; };
		50E25C3C23A5F0DE00ACEF26 /* Ab3.aifc in Resources */ = {isa = PBXBuildFile; fileRef = 50E25C0F23A5F0DB00ACEF26 /* Ab3.aifc */; };
		50E25C3D23A5F0DE00ACEF26 /* A3.aifc in Resources */ = {isa = PBXBuildFile; fileRef = 50E25C1023A5F0DB00ACEF26 /* A3.aifc */; };
		50E25C3E23A5F0DE00ACEF26 /* Eb3.aifc in Resources */ = {isa = PBXBuildFile; fileRef = 50E25C1123A5F0DB00ACEF26 /* Eb3.aifc */; };
		50E25C3F23A5F0DE00ACEF26 /* Bb3.aifc in Resources */ = {isa = PBXBuildFile; fileRef = 50E25C1223A5F0DB00ACEF26 /* Bb3.aifc */; };
		50E25C4023A5F0DE00ACEF26 /* Gb3.aifc in Resources */ = {isa = PBXBuildFile; fileRef = 50E25C1323A5F0DC00ACEF26 /* Gb3.aifc */; };
		50E25C4123A5F0DE00ACEF26 /* F2.aifc in Resources */ = {isa = PBXBuildFile; fileRef = 50E25C1423A5F0DC00ACEF26 /* F2.aifc */; };
		50E25C4223A5F0DE00ACEF26 /* E4.aifc in Resources */ = {isa = PBXBuildFile; fileRef = 50E25C1523A5F0DC00ACEF26 /* E4.aifc */; };
		50E25C4323A5F0DE00ACEF26 /* Gb2.aifc in Resources */ = {isa = PBXBuildFile; fileRef = 50E25C1623A5F0DC00ACEF26 /* Gb2.aifc */; };
		50E25C4423A5F0DE00ACEF26 /* D5.aifc in Resources */ = {isa = PBXBuildFile; fileRef = 50E25C1723A5F0DC00ACEF26 /* D5.aifc */; };
		50E25C4523A5F0DE00ACEF26 /* C2.aifc in Resources */ = {isa = PBXBuildFile; fileRef = 50E25C1823A5F0DC00ACEF26 /* C2.aifc */; };
		50E25C4623A5F0DE00ACEF26 /* Bb2.aifc in Resources */ = {isa = PBXBuildFile; fileRef = 50E25C1923A5F0DC00ACEF26 /* Bb2.aifc */; };
		50E25C4723A5F0DE00ACEF26 /* Eb2.aifc in Resources */ = {isa = PBXBuildFile; fileRef = 50E25C1A23A5F0DC00ACEF26 /* Eb2.aifc */; };
		50E25C4823A5F0DE00ACEF26 /* B4.aifc in Resources */ = {isa = PBXBuildFile; fileRef = 50E25C1B23A5F0DC00ACEF26 /* B4.aifc */; };
		50E25C4923A5F0DE00ACEF26 /* Bb5.aifc in Resources */ = {isa = PBXBuildFile; fileRef = 50E25C1C23A5F0DC00ACEF26 /* Bb5.aifc */; };
		50E25C4A23A5F0DE00ACEF26 /* B5.aifc in Resources */ = {isa = PBXBuildFile; fileRef = 50E25C1D23A5F0DC00ACEF26 /* B5.aifc */; };
		50E25C4B23A5F0DE00ACEF26 /* Db2.aifc in Resources */ = {isa = PBXBuildFile; fileRef = 50E25C1E23A5F0DC00ACEF26 /* Db2.aifc */; };
		50E25C4C23A5F0DE00ACEF26 /* Db4.aifc in Resources */ = {isa = PBXBuildFile; fileRef = 50E25C1F23A5F0DD00ACEF26 /* Db4.aifc */; };
		50E25C4D23A5F0DE00ACEF26 /* E2.aifc in Resources */ = {isa = PBXBuildFile; fileRef = 50E25C2023A5F0DD00ACEF26 /* E2.aifc */; };
		50E25C4E23A5F0DE00ACEF26 /* B3.aifc in Resources */ = {isa = PBXBuildFile; fileRef = 50E25C2123A5F0DD00ACEF26 /* B3.aifc */; };
		50E25C4F23A5F0DE00ACEF26 /* C3.aifc in Resources */ = {isa = PBXBuildFile; fileRef = 50E25C2223A5F0DD00ACEF26 /* C3.aifc */; };
		50E25C5023A5F0DE00ACEF26 /* A5.aifc in Resources */ = {isa = PBXBuildFile; fileRef = 50E25C2323A5F0DD00ACEF26 /* A5.aifc */; };
		50E25C5123A5F0DE00ACEF26 /* Db5.aifc in Resources */ = {isa = PBXBuildFile; fileRef = 50E25C2423A5F0DD00ACEF26 /* Db5.aifc */; };
		50E25C5223A5F0DE00ACEF26 /* G3.aifc in Resources */ = {isa = PBXBuildFile; fileRef = 50E25C2523A5F0DD00ACEF26 /* G3.aifc */; };
		50E25C5323A5F0DE00ACEF26 /* Ab4.aifc in Resources */ = {isa = PBXBuildFile; fileRef = 50E25C2623A5F0DD00ACEF26 /* Ab4.aifc */; };
		50E25C5423A5F0DE00ACEF26 /* Bb4.aifc in Resources */ = {isa = PBXBuildFile; fileRef = 50E25C2723A5F0DD00ACEF26 /* Bb4.aifc */; };
		50E25C5523A5F0DE00ACEF26 /* G4.aifc in Resources */ = {isa = PBXBuildFile; fileRef = 50E25C2823A5F0DD00ACEF26 /* G4.aifc */; };
		50E25C5623A5F0DE00ACEF26 /* Gb5.aifc in Resources */ = {isa = PBXBuildFile; fileRef = 50E25C2923A5F0DD00ACEF26 /* Gb5.aifc */; };
		50E25C5723A5F0DE00ACEF26 /* C4.aifc in Resources */ = {isa = PBXBuildFile; fileRef = 50E25C2A23A5F0DD00ACEF26 /* C4.aifc */; };
		50E25C5823A5F0DE00ACEF26 /* Ab2.aifc in Resources */ = {isa = PBXBuildFile; fileRef = 50E25C2B23A5F0DD00ACEF26 /* Ab2.aifc */; };
		50E25C5923A5F0DE00ACEF26 /* D3.aifc in Resources */ = {isa = PBXBuildFile; fileRef = 50E25C2C23A5F0DE00ACEF26 /* D3.aifc */; };
		50E25C5A23A5F0DE00ACEF26 /* C5.aifc in Resources */ = {isa = PBXBuildFile; fileRef = 50E25C2D23A5F0DE00ACEF26 /* C5.aifc */; };
		50E25C5B23A5F0DE00ACEF26 /* G5.aifc in Resources */ = {isa = PBXBuildFile; fileRef = 50E25C2E23A5F0DE00ACEF26 /* G5.aifc */; };
		50E25C5C23A5F0DE00ACEF26 /* D4.aifc in Resources */ = {isa = PBXBuildFile; fileRef = 50E25C2F23A5F0DE00ACEF26 /* D4.aifc */; };
		50E25C5D23A5F0DE00ACEF26 /* F3.aifc in Resources */ = {isa = PBXBuildFile; fileRef = 50E25C3023A5F0DE00ACEF26 /* F3.aifc */; };
		50E25C5E23A5F0DE00ACEF26 /* Eb5.aifc in Resources */ = {isa = PBXBuildFile; fileRef = 50E25C3123A5F0DE00ACEF26 /* Eb5.aifc */; };
		50E25C5F23A5F0DE00ACEF26 /* F4.aifc in Resources */ = {isa = PBXBuildFile; fileRef = 50E25C3223A5F0DE00ACEF26 /* F4.aifc */; };
		50E25C6123A5F14100ACEF26 /* A2.aifc in Resources */ = {isa = PBXBuildFile; fileRef = 50E25C6023A5F14100ACEF26 /* A2.aifc */; };
		50E25C6323A5F2D100ACEF26 /* B2.aifc in Resources */ = {isa = PBXBuildFile; fileRef = 50E25C6223A5F2D100ACEF26 /* B2.aifc */; };
		50E25C6523A5F2E900ACEF26 /* E3.aifc in Resources */ = {isa = PBXBuildFile; fileRef = 50E25C6423A5F2E900ACEF26 /* E3.aifc */; };
		50E25C6B23A5F79A00ACEF26 /* Intervals.json in Resources */ = {isa = PBXBuildFile; fileRef = 50E25C6A23A5F79A00ACEF26 /* Intervals.json */; };
		50E25C6D23A7312300ACEF26 /* Hardware.swift in Sources */ = {isa = PBXBuildFile; fileRef = 50E25C6C23A7312300ACEF26 /* Hardware.swift */; };
		50E25C6F23A73A4000ACEF26 /* Models.swift in Sources */ = {isa = PBXBuildFile; fileRef = 50E25C6E23A73A4000ACEF26 /* Models.swift */; };
		50F46A6823A7FAB7003F8972 /* GSAudio.swift in Sources */ = {isa = PBXBuildFile; fileRef = 50F46A6723A7FAB7003F8972 /* GSAudio.swift */; };
		50F46A7323A801E4003F8972 /* D6.aifc in Resources */ = {isa = PBXBuildFile; fileRef = 50F46A6923A801E3003F8972 /* D6.aifc */; };
		50F46A7423A801E4003F8972 /* Db6.aifc in Resources */ = {isa = PBXBuildFile; fileRef = 50F46A6A23A801E3003F8972 /* Db6.aifc */; };
		50F46A7523A801E4003F8972 /* Bb6.aifc in Resources */ = {isa = PBXBuildFile; fileRef = 50F46A6B23A801E3003F8972 /* Bb6.aifc */; };
		50F46A7623A801E4003F8972 /* E6.aifc in Resources */ = {isa = PBXBuildFile; fileRef = 50F46A6C23A801E3003F8972 /* E6.aifc */; };
		50F46A7723A801E4003F8972 /* F6.aifc in Resources */ = {isa = PBXBuildFile; fileRef = 50F46A6D23A801E4003F8972 /* F6.aifc */; };
		50F46A7823A801E4003F8972 /* C6.aifc in Resources */ = {isa = PBXBuildFile; fileRef = 50F46A6E23A801E4003F8972 /* C6.aifc */; };
		50F46A7923A801E4003F8972 /* B6.aifc in Resources */ = {isa = PBXBuildFile; fileRef = 50F46A6F23A801E4003F8972 /* B6.aifc */; };
		50F46A7A23A801E4003F8972 /* Eb6.aifc in Resources */ = {isa = PBXBuildFile; fileRef = 50F46A7023A801E4003F8972 /* Eb6.aifc */; };
		50F46A7B23A801E4003F8972 /* G6.aifc in Resources */ = {isa = PBXBuildFile; fileRef = 50F46A7123A801E4003F8972 /* G6.aifc */; };
		50F46A7C23A801E4003F8972 /* Gb6.aifc in Resources */ = {isa = PBXBuildFile; fileRef = 50F46A7223A801E4003F8972 /* Gb6.aifc */; };
		50F46A7E23A80215003F8972 /* A6.aifc in Resources */ = {isa = PBXBuildFile; fileRef = 50F46A7D23A80215003F8972 /* A6.aifc */; };
		50F46A8023A80252003F8972 /* Ab6.aifc in Resources */ = {isa = PBXBuildFile; fileRef = 50F46A7F23A80252003F8972 /* Ab6.aifc */; };
/* End PBXBuildFile section */

/* Begin PBXFileReference section */
		501FB30423AEC8920057BD3A /* Gamify.swift */ = {isa = PBXFileReference; lastKnownFileType = sourcecode.swift; path = Gamify.swift; sourceTree = "<group>"; };
		505ABEA623A5E47900D55377 /* Intervals.app */ = {isa = PBXFileReference; explicitFileType = wrapper.application; includeInIndex = 0; path = Intervals.app; sourceTree = BUILT_PRODUCTS_DIR; };
		505ABEA923A5E47900D55377 /* AppDelegate.swift */ = {isa = PBXFileReference; lastKnownFileType = sourcecode.swift; path = AppDelegate.swift; sourceTree = "<group>"; };
		505ABEAB23A5E47900D55377 /* ViewController.swift */ = {isa = PBXFileReference; lastKnownFileType = sourcecode.swift; name = ViewController.swift; path = ../ViewController.swift; sourceTree = "<group>"; };
		505ABEAE23A5E47900D55377 /* Base */ = {isa = PBXFileReference; lastKnownFileType = file.storyboard; name = Base; path = Base.lproj/Main.storyboard; sourceTree = "<group>"; };
		505ABEB023A5E47A00D55377 /* Assets.xcassets */ = {isa = PBXFileReference; lastKnownFileType = folder.assetcatalog; path = Assets.xcassets; sourceTree = "<group>"; };
		505ABEB323A5E47A00D55377 /* Base */ = {isa = PBXFileReference; lastKnownFileType = file.storyboard; name = Base; path = Base.lproj/LaunchScreen.storyboard; sourceTree = "<group>"; };
		505ABEB523A5E47A00D55377 /* Info.plist */ = {isa = PBXFileReference; lastKnownFileType = text.plist.xml; path = Info.plist; sourceTree = "<group>"; };
		5099776223A9EAC400CE0B9A /* Toggle.swift */ = {isa = PBXFileReference; lastKnownFileType = sourcecode.swift; path = Toggle.swift; sourceTree = "<group>"; };
		50CE941523AA843D00A7AB3C /* SettingsViewController.swift */ = {isa = PBXFileReference; lastKnownFileType = sourcecode.swift; path = SettingsViewController.swift; sourceTree = "<group>"; };
		50CE941823AD377800A7AB3C /* tt_dec_song.aifc */ = {isa = PBXFileReference; lastKnownFileType = file; path = tt_dec_song.aifc; sourceTree = "<group>"; };
		50CE941923AD377800A7AB3C /* major2_dec_song.aifc */ = {isa = PBXFileReference; lastKnownFileType = file; path = major2_dec_song.aifc; sourceTree = "<group>"; };
		50CE941A23AD377800A7AB3C /* minor2_asc_song.aifc */ = {isa = PBXFileReference; lastKnownFileType = file; path = minor2_asc_song.aifc; sourceTree = "<group>"; };
		50CE941B23AD377800A7AB3C /* perfect5_asc_song.aifc */ = {isa = PBXFileReference; lastKnownFileType = file; path = perfect5_asc_song.aifc; sourceTree = "<group>"; };
		50CE941C23AD377800A7AB3C /* major2_asc_song.aifc */ = {isa = PBXFileReference; lastKnownFileType = file; path = major2_asc_song.aifc; sourceTree = "<group>"; };
		50CE941D23AD377800A7AB3C /* minor6_asc_song.aifc */ = {isa = PBXFileReference; lastKnownFileType = file; path = minor6_asc_song.aifc; sourceTree = "<group>"; };
		50CE941E23AD377800A7AB3C /* minor6_dec_song.aifc */ = {isa = PBXFileReference; lastKnownFileType = file; path = minor6_dec_song.aifc; sourceTree = "<group>"; };
		50CE941F23AD377800A7AB3C /* minor3_dec_song.aifc */ = {isa = PBXFileReference; lastKnownFileType = file; path = minor3_dec_song.aifc; sourceTree = "<group>"; };
		50CE942023AD377800A7AB3C /* major6_dec_song.aifc */ = {isa = PBXFileReference; lastKnownFileType = file; path = major6_dec_song.aifc; sourceTree = "<group>"; };
		50CE942123AD377800A7AB3C /* perfect4_dec_song.aifc */ = {isa = PBXFileReference; lastKnownFileType = file; path = perfect4_dec_song.aifc; sourceTree = "<group>"; };
		50CE942223AD377800A7AB3C /* major7_dec_song.aifc */ = {isa = PBXFileReference; lastKnownFileType = file; path = major7_dec_song.aifc; sourceTree = "<group>"; };
		50CE942323AD377800A7AB3C /* perfect5_dec_song.aifc */ = {isa = PBXFileReference; lastKnownFileType = file; path = perfect5_dec_song.aifc; sourceTree = "<group>"; };
		50CE942423AD377800A7AB3C /* perfect8_asc_song.aifc */ = {isa = PBXFileReference; lastKnownFileType = file; path = perfect8_asc_song.aifc; sourceTree = "<group>"; };
		50CE942523AD377800A7AB3C /* perfect4_asc_song.aifc */ = {isa = PBXFileReference; lastKnownFileType = file; path = perfect4_asc_song.aifc; sourceTree = "<group>"; };
		50CE942623AD377800A7AB3C /* minor7_asc_song.aifc */ = {isa = PBXFileReference; lastKnownFileType = file; path = minor7_asc_song.aifc; sourceTree = "<group>"; };
		50CE942723AD377800A7AB3C /* major3_dec_song.aifc */ = {isa = PBXFileReference; lastKnownFileType = file; path = major3_dec_song.aifc; sourceTree = "<group>"; };
		50CE942823AD377800A7AB3C /* minor3_asc_song.aifc */ = {isa = PBXFileReference; lastKnownFileType = file; path = minor3_asc_song.aifc; sourceTree = "<group>"; };
		50CE942923AD377800A7AB3C /* minor7_dec_song.aifc */ = {isa = PBXFileReference; lastKnownFileType = file; path = minor7_dec_song.aifc; sourceTree = "<group>"; };
		50CE942A23AD377800A7AB3C /* perfect8_dec_song.aifc */ = {isa = PBXFileReference; lastKnownFileType = file; path = perfect8_dec_song.aifc; sourceTree = "<group>"; };
		50CE942B23AD377800A7AB3C /* major3_asc_song.aifc */ = {isa = PBXFileReference; lastKnownFileType = file; path = major3_asc_song.aifc; sourceTree = "<group>"; };
		50CE942C23AD377800A7AB3C /* major7_asc_song.aifc */ = {isa = PBXFileReference; lastKnownFileType = file; path = major7_asc_song.aifc; sourceTree = "<group>"; };
		50CE942D23AD377900A7AB3C /* tt_asc_song.aifc */ = {isa = PBXFileReference; lastKnownFileType = file; path = tt_asc_song.aifc; sourceTree = "<group>"; };
		50CE942E23AD377900A7AB3C /* minor2_dec_song.aifc */ = {isa = PBXFileReference; lastKnownFileType = file; path = minor2_dec_song.aifc; sourceTree = "<group>"; };
		50CE942F23AD377900A7AB3C /* major6_asc_song.aifc */ = {isa = PBXFileReference; lastKnownFileType = file; path = major6_asc_song.aifc; sourceTree = "<group>"; };
		50CE944823ADE3CE00A7AB3C /* IntervalColor.swift */ = {isa = PBXFileReference; lastKnownFileType = sourcecode.swift; path = IntervalColor.swift; sourceTree = "<group>"; };
		50E25C0623A5F0DA00ACEF26 /* Ab5.aifc */ = {isa = PBXFileReference; lastKnownFileType = file; path = Ab5.aifc; sourceTree = "<group>"; };
		50E25C0723A5F0DB00ACEF26 /* Gb4.aifc */ = {isa = PBXFileReference; lastKnownFileType = file; path = Gb4.aifc; sourceTree = "<group>"; };
		50E25C0823A5F0DB00ACEF26 /* Db3.aifc */ = {isa = PBXFileReference; lastKnownFileType = file; path = Db3.aifc; sourceTree = "<group>"; };
		50E25C0923A5F0DB00ACEF26 /* D2.aifc */ = {isa = PBXFileReference; lastKnownFileType = file; path = D2.aifc; sourceTree = "<group>"; };
		50E25C0A23A5F0DB00ACEF26 /* E5.aifc */ = {isa = PBXFileReference; lastKnownFileType = file; path = E5.aifc; sourceTree = "<group>"; };
		50E25C0B23A5F0DB00ACEF26 /* A4.aifc */ = {isa = PBXFileReference; lastKnownFileType = file; path = A4.aifc; sourceTree = "<group>"; };
		50E25C0C23A5F0DB00ACEF26 /* Eb4.aifc */ = {isa = PBXFileReference; lastKnownFileType = file; path = Eb4.aifc; sourceTree = "<group>"; };
		50E25C0D23A5F0DB00ACEF26 /* G2.aifc */ = {isa = PBXFileReference; lastKnownFileType = file; path = G2.aifc; sourceTree = "<group>"; };
		50E25C0E23A5F0DB00ACEF26 /* F5.aifc */ = {isa = PBXFileReference; lastKnownFileType = file; path = F5.aifc; sourceTree = "<group>"; };
		50E25C0F23A5F0DB00ACEF26 /* Ab3.aifc */ = {isa = PBXFileReference; lastKnownFileType = file; path = Ab3.aifc; sourceTree = "<group>"; };
		50E25C1023A5F0DB00ACEF26 /* A3.aifc */ = {isa = PBXFileReference; lastKnownFileType = file; path = A3.aifc; sourceTree = "<group>"; };
		50E25C1123A5F0DB00ACEF26 /* Eb3.aifc */ = {isa = PBXFileReference; lastKnownFileType = file; path = Eb3.aifc; sourceTree = "<group>"; };
		50E25C1223A5F0DB00ACEF26 /* Bb3.aifc */ = {isa = PBXFileReference; lastKnownFileType = file; path = Bb3.aifc; sourceTree = "<group>"; };
		50E25C1323A5F0DC00ACEF26 /* Gb3.aifc */ = {isa = PBXFileReference; lastKnownFileType = file; path = Gb3.aifc; sourceTree = "<group>"; };
		50E25C1423A5F0DC00ACEF26 /* F2.aifc */ = {isa = PBXFileReference; lastKnownFileType = file; path = F2.aifc; sourceTree = "<group>"; };
		50E25C1523A5F0DC00ACEF26 /* E4.aifc */ = {isa = PBXFileReference; lastKnownFileType = file; path = E4.aifc; sourceTree = "<group>"; };
		50E25C1623A5F0DC00ACEF26 /* Gb2.aifc */ = {isa = PBXFileReference; lastKnownFileType = file; path = Gb2.aifc; sourceTree = "<group>"; };
		50E25C1723A5F0DC00ACEF26 /* D5.aifc */ = {isa = PBXFileReference; lastKnownFileType = file; path = D5.aifc; sourceTree = "<group>"; };
		50E25C1823A5F0DC00ACEF26 /* C2.aifc */ = {isa = PBXFileReference; lastKnownFileType = file; path = C2.aifc; sourceTree = "<group>"; };
		50E25C1923A5F0DC00ACEF26 /* Bb2.aifc */ = {isa = PBXFileReference; lastKnownFileType = file; path = Bb2.aifc; sourceTree = "<group>"; };
		50E25C1A23A5F0DC00ACEF26 /* Eb2.aifc */ = {isa = PBXFileReference; lastKnownFileType = file; path = Eb2.aifc; sourceTree = "<group>"; };
		50E25C1B23A5F0DC00ACEF26 /* B4.aifc */ = {isa = PBXFileReference; lastKnownFileType = file; path = B4.aifc; sourceTree = "<group>"; };
		50E25C1C23A5F0DC00ACEF26 /* Bb5.aifc */ = {isa = PBXFileReference; lastKnownFileType = file; path = Bb5.aifc; sourceTree = "<group>"; };
		50E25C1D23A5F0DC00ACEF26 /* B5.aifc */ = {isa = PBXFileReference; lastKnownFileType = file; path = B5.aifc; sourceTree = "<group>"; };
		50E25C1E23A5F0DC00ACEF26 /* Db2.aifc */ = {isa = PBXFileReference; lastKnownFileType = file; path = Db2.aifc; sourceTree = "<group>"; };
		50E25C1F23A5F0DD00ACEF26 /* Db4.aifc */ = {isa = PBXFileReference; lastKnownFileType = file; path = Db4.aifc; sourceTree = "<group>"; };
		50E25C2023A5F0DD00ACEF26 /* E2.aifc */ = {isa = PBXFileReference; lastKnownFileType = file; path = E2.aifc; sourceTree = "<group>"; };
		50E25C2123A5F0DD00ACEF26 /* B3.aifc */ = {isa = PBXFileReference; lastKnownFileType = file; path = B3.aifc; sourceTree = "<group>"; };
		50E25C2223A5F0DD00ACEF26 /* C3.aifc */ = {isa = PBXFileReference; lastKnownFileType = file; path = C3.aifc; sourceTree = "<group>"; };
		50E25C2323A5F0DD00ACEF26 /* A5.aifc */ = {isa = PBXFileReference; lastKnownFileType = file; path = A5.aifc; sourceTree = "<group>"; };
		50E25C2423A5F0DD00ACEF26 /* Db5.aifc */ = {isa = PBXFileReference; lastKnownFileType = file; path = Db5.aifc; sourceTree = "<group>"; };
		50E25C2523A5F0DD00ACEF26 /* G3.aifc */ = {isa = PBXFileReference; lastKnownFileType = file; path = G3.aifc; sourceTree = "<group>"; };
		50E25C2623A5F0DD00ACEF26 /* Ab4.aifc */ = {isa = PBXFileReference; lastKnownFileType = file; path = Ab4.aifc; sourceTree = "<group>"; };
		50E25C2723A5F0DD00ACEF26 /* Bb4.aifc */ = {isa = PBXFileReference; lastKnownFileType = file; path = Bb4.aifc; sourceTree = "<group>"; };
		50E25C2823A5F0DD00ACEF26 /* G4.aifc */ = {isa = PBXFileReference; lastKnownFileType = file; path = G4.aifc; sourceTree = "<group>"; };
		50E25C2923A5F0DD00ACEF26 /* Gb5.aifc */ = {isa = PBXFileReference; lastKnownFileType = file; path = Gb5.aifc; sourceTree = "<group>"; };
		50E25C2A23A5F0DD00ACEF26 /* C4.aifc */ = {isa = PBXFileReference; lastKnownFileType = file; path = C4.aifc; sourceTree = "<group>"; };
		50E25C2B23A5F0DD00ACEF26 /* Ab2.aifc */ = {isa = PBXFileReference; lastKnownFileType = file; path = Ab2.aifc; sourceTree = "<group>"; };
		50E25C2C23A5F0DE00ACEF26 /* D3.aifc */ = {isa = PBXFileReference; lastKnownFileType = file; path = D3.aifc; sourceTree = "<group>"; };
		50E25C2D23A5F0DE00ACEF26 /* C5.aifc */ = {isa = PBXFileReference; lastKnownFileType = file; path = C5.aifc; sourceTree = "<group>"; };
		50E25C2E23A5F0DE00ACEF26 /* G5.aifc */ = {isa = PBXFileReference; lastKnownFileType = file; path = G5.aifc; sourceTree = "<group>"; };
		50E25C2F23A5F0DE00ACEF26 /* D4.aifc */ = {isa = PBXFileReference; lastKnownFileType = file; path = D4.aifc; sourceTree = "<group>"; };
		50E25C3023A5F0DE00ACEF26 /* F3.aifc */ = {isa = PBXFileReference; lastKnownFileType = file; path = F3.aifc; sourceTree = "<group>"; };
		50E25C3123A5F0DE00ACEF26 /* Eb5.aifc */ = {isa = PBXFileReference; lastKnownFileType = file; path = Eb5.aifc; sourceTree = "<group>"; };
		50E25C3223A5F0DE00ACEF26 /* F4.aifc */ = {isa = PBXFileReference; lastKnownFileType = file; path = F4.aifc; sourceTree = "<group>"; };
		50E25C6023A5F14100ACEF26 /* A2.aifc */ = {isa = PBXFileReference; lastKnownFileType = file; path = A2.aifc; sourceTree = "<group>"; };
		50E25C6223A5F2D100ACEF26 /* B2.aifc */ = {isa = PBXFileReference; lastKnownFileType = file; path = B2.aifc; sourceTree = "<group>"; };
		50E25C6423A5F2E900ACEF26 /* E3.aifc */ = {isa = PBXFileReference; lastKnownFileType = file; path = E3.aifc; sourceTree = "<group>"; };
		50E25C6A23A5F79A00ACEF26 /* Intervals.json */ = {isa = PBXFileReference; lastKnownFileType = text.json; path = Intervals.json; sourceTree = "<group>"; };
		50E25C6C23A7312300ACEF26 /* Hardware.swift */ = {isa = PBXFileReference; lastKnownFileType = sourcecode.swift; path = Hardware.swift; sourceTree = "<group>"; };
		50E25C6E23A73A4000ACEF26 /* Models.swift */ = {isa = PBXFileReference; lastKnownFileType = sourcecode.swift; path = Models.swift; sourceTree = "<group>"; };
		50F46A6723A7FAB7003F8972 /* GSAudio.swift */ = {isa = PBXFileReference; lastKnownFileType = sourcecode.swift; path = GSAudio.swift; sourceTree = "<group>"; };
		50F46A6923A801E3003F8972 /* D6.aifc */ = {isa = PBXFileReference; lastKnownFileType = file; path = D6.aifc; sourceTree = "<group>"; };
		50F46A6A23A801E3003F8972 /* Db6.aifc */ = {isa = PBXFileReference; lastKnownFileType = file; path = Db6.aifc; sourceTree = "<group>"; };
		50F46A6B23A801E3003F8972 /* Bb6.aifc */ = {isa = PBXFileReference; lastKnownFileType = file; path = Bb6.aifc; sourceTree = "<group>"; };
		50F46A6C23A801E3003F8972 /* E6.aifc */ = {isa = PBXFileReference; lastKnownFileType = file; path = E6.aifc; sourceTree = "<group>"; };
		50F46A6D23A801E4003F8972 /* F6.aifc */ = {isa = PBXFileReference; lastKnownFileType = file; path = F6.aifc; sourceTree = "<group>"; };
		50F46A6E23A801E4003F8972 /* C6.aifc */ = {isa = PBXFileReference; lastKnownFileType = file; path = C6.aifc; sourceTree = "<group>"; };
		50F46A6F23A801E4003F8972 /* B6.aifc */ = {isa = PBXFileReference; lastKnownFileType = file; path = B6.aifc; sourceTree = "<group>"; };
		50F46A7023A801E4003F8972 /* Eb6.aifc */ = {isa = PBXFileReference; lastKnownFileType = file; path = Eb6.aifc; sourceTree = "<group>"; };
		50F46A7123A801E4003F8972 /* G6.aifc */ = {isa = PBXFileReference; lastKnownFileType = file; path = G6.aifc; sourceTree = "<group>"; };
		50F46A7223A801E4003F8972 /* Gb6.aifc */ = {isa = PBXFileReference; lastKnownFileType = file; path = Gb6.aifc; sourceTree = "<group>"; };
		50F46A7D23A80215003F8972 /* A6.aifc */ = {isa = PBXFileReference; lastKnownFileType = file; path = A6.aifc; sourceTree = "<group>"; };
		50F46A7F23A80252003F8972 /* Ab6.aifc */ = {isa = PBXFileReference; lastKnownFileType = file; path = Ab6.aifc; sourceTree = "<group>"; };
/* End PBXFileReference section */

/* Begin PBXFrameworksBuildPhase section */
		505ABEA323A5E47900D55377 /* Frameworks */ = {
			isa = PBXFrameworksBuildPhase;
			buildActionMask = 2147483647;
			files = (
			);
			runOnlyForDeploymentPostprocessing = 0;
		};
/* End PBXFrameworksBuildPhase section */

/* Begin PBXGroup section */
		505ABE9D23A5E47900D55377 = {
			isa = PBXGroup;
			children = (
				505ABEA823A5E47900D55377 /* Intervals */,
				505ABEA723A5E47900D55377 /* Products */,
			);
			sourceTree = "<group>";
		};
		505ABEA723A5E47900D55377 /* Products */ = {
			isa = PBXGroup;
			children = (
				505ABEA623A5E47900D55377 /* Intervals.app */,
			);
			name = Products;
			sourceTree = "<group>";
		};
		505ABEA823A5E47900D55377 /* Intervals */ = {
			isa = PBXGroup;
			children = (
				505ABEA923A5E47900D55377 /* AppDelegate.swift */,
				50CE941723AAEF9100A7AB3C /* Main */,
				50E25C0523A5EC8500ACEF26 /* Sounds */,
				50E25C6C23A7312300ACEF26 /* Hardware.swift */,
				501FB30423AEC8920057BD3A /* Gamify.swift */,
				50E25C6E23A73A4000ACEF26 /* Models.swift */,
				50F46A6723A7FAB7003F8972 /* GSAudio.swift */,
				50CE944823ADE3CE00A7AB3C /* IntervalColor.swift */,
				50E25C6A23A5F79A00ACEF26 /* Intervals.json */,
				505ABEAD23A5E47900D55377 /* Main.storyboard */,
				5099776223A9EAC400CE0B9A /* Toggle.swift */,
				505ABEB023A5E47A00D55377 /* Assets.xcassets */,
				505ABEB223A5E47A00D55377 /* LaunchScreen.storyboard */,
				505ABEB523A5E47A00D55377 /* Info.plist */,
			);
			path = Intervals;
			sourceTree = "<group>";
		};
		50CE941723AAEF9100A7AB3C /* Main */ = {
			isa = PBXGroup;
			children = (
				505ABEAB23A5E47900D55377 /* ViewController.swift */,
				50CE941523AA843D00A7AB3C /* SettingsViewController.swift */,
			);
			path = Main;
			sourceTree = "<group>";
		};
		50E25C0523A5EC8500ACEF26 /* Sounds */ = {
			isa = PBXGroup;
			children = (
				50F46A8223A8A649003F8972 /* Songs */,
				50F46A8123A8A629003F8972 /* Notes */,
			);
			path = Sounds;
			sourceTree = "<group>";
		};
		50F46A8123A8A629003F8972 /* Notes */ = {
			isa = PBXGroup;
			children = (
				50F46A6F23A801E4003F8972 /* B6.aifc */,
				50F46A6B23A801E3003F8972 /* Bb6.aifc */,
				50F46A6E23A801E4003F8972 /* C6.aifc */,
				50F46A6923A801E3003F8972 /* D6.aifc */,
				50F46A6A23A801E3003F8972 /* Db6.aifc */,
				50F46A6C23A801E3003F8972 /* E6.aifc */,
				50F46A7023A801E4003F8972 /* Eb6.aifc */,
				50F46A6D23A801E4003F8972 /* F6.aifc */,
				50F46A7123A801E4003F8972 /* G6.aifc */,
				50F46A7223A801E4003F8972 /* Gb6.aifc */,
				50E25C6023A5F14100ACEF26 /* A2.aifc */,
				50E25C1023A5F0DB00ACEF26 /* A3.aifc */,
				50E25C0B23A5F0DB00ACEF26 /* A4.aifc */,
				50E25C2323A5F0DD00ACEF26 /* A5.aifc */,
				50F46A7D23A80215003F8972 /* A6.aifc */,
				50E25C2B23A5F0DD00ACEF26 /* Ab2.aifc */,
				50E25C0F23A5F0DB00ACEF26 /* Ab3.aifc */,
				50E25C2623A5F0DD00ACEF26 /* Ab4.aifc */,
				50E25C0623A5F0DA00ACEF26 /* Ab5.aifc */,
				50F46A7F23A80252003F8972 /* Ab6.aifc */,
				50E25C6223A5F2D100ACEF26 /* B2.aifc */,
				50E25C2123A5F0DD00ACEF26 /* B3.aifc */,
				50E25C1B23A5F0DC00ACEF26 /* B4.aifc */,
				50E25C1D23A5F0DC00ACEF26 /* B5.aifc */,
				50E25C1923A5F0DC00ACEF26 /* Bb2.aifc */,
				50E25C1223A5F0DB00ACEF26 /* Bb3.aifc */,
				50E25C2723A5F0DD00ACEF26 /* Bb4.aifc */,
				50E25C1C23A5F0DC00ACEF26 /* Bb5.aifc */,
				50E25C1823A5F0DC00ACEF26 /* C2.aifc */,
				50E25C2223A5F0DD00ACEF26 /* C3.aifc */,
				50E25C2A23A5F0DD00ACEF26 /* C4.aifc */,
				50E25C2D23A5F0DE00ACEF26 /* C5.aifc */,
				50E25C0923A5F0DB00ACEF26 /* D2.aifc */,
				50E25C2C23A5F0DE00ACEF26 /* D3.aifc */,
				50E25C2F23A5F0DE00ACEF26 /* D4.aifc */,
				50E25C1723A5F0DC00ACEF26 /* D5.aifc */,
				50E25C1E23A5F0DC00ACEF26 /* Db2.aifc */,
				50E25C0823A5F0DB00ACEF26 /* Db3.aifc */,
				50E25C1F23A5F0DD00ACEF26 /* Db4.aifc */,
				50E25C2423A5F0DD00ACEF26 /* Db5.aifc */,
				50E25C2023A5F0DD00ACEF26 /* E2.aifc */,
				50E25C6423A5F2E900ACEF26 /* E3.aifc */,
				50E25C1523A5F0DC00ACEF26 /* E4.aifc */,
				50E25C0A23A5F0DB00ACEF26 /* E5.aifc */,
				50E25C1A23A5F0DC00ACEF26 /* Eb2.aifc */,
				50E25C1123A5F0DB00ACEF26 /* Eb3.aifc */,
				50E25C0C23A5F0DB00ACEF26 /* Eb4.aifc */,
				50E25C3123A5F0DE00ACEF26 /* Eb5.aifc */,
				50E25C1423A5F0DC00ACEF26 /* F2.aifc */,
				50E25C3023A5F0DE00ACEF26 /* F3.aifc */,
				50E25C3223A5F0DE00ACEF26 /* F4.aifc */,
				50E25C0E23A5F0DB00ACEF26 /* F5.aifc */,
				50E25C0D23A5F0DB00ACEF26 /* G2.aifc */,
				50E25C2523A5F0DD00ACEF26 /* G3.aifc */,
				50E25C2823A5F0DD00ACEF26 /* G4.aifc */,
				50E25C2E23A5F0DE00ACEF26 /* G5.aifc */,
				50E25C1623A5F0DC00ACEF26 /* Gb2.aifc */,
				50E25C1323A5F0DC00ACEF26 /* Gb3.aifc */,
				50E25C0723A5F0DB00ACEF26 /* Gb4.aifc */,
				50E25C2923A5F0DD00ACEF26 /* Gb5.aifc */,
			);
			path = Notes;
			sourceTree = "<group>";
		};
		50F46A8223A8A649003F8972 /* Songs */ = {
			isa = PBXGroup;
			children = (
				50CE941C23AD377800A7AB3C /* major2_asc_song.aifc */,
				50CE941923AD377800A7AB3C /* major2_dec_song.aifc */,
				50CE942B23AD377800A7AB3C /* major3_asc_song.aifc */,
				50CE942723AD377800A7AB3C /* major3_dec_song.aifc */,
				50CE942F23AD377900A7AB3C /* major6_asc_song.aifc */,
				50CE942023AD377800A7AB3C /* major6_dec_song.aifc */,
				50CE942C23AD377800A7AB3C /* major7_asc_song.aifc */,
				50CE942223AD377800A7AB3C /* major7_dec_song.aifc */,
				50CE941A23AD377800A7AB3C /* minor2_asc_song.aifc */,
				50CE942E23AD377900A7AB3C /* minor2_dec_song.aifc */,
				50CE942823AD377800A7AB3C /* minor3_asc_song.aifc */,
				50CE941F23AD377800A7AB3C /* minor3_dec_song.aifc */,
				50CE941D23AD377800A7AB3C /* minor6_asc_song.aifc */,
				50CE941E23AD377800A7AB3C /* minor6_dec_song.aifc */,
				50CE942623AD377800A7AB3C /* minor7_asc_song.aifc */,
				50CE942923AD377800A7AB3C /* minor7_dec_song.aifc */,
				50CE942523AD377800A7AB3C /* perfect4_asc_song.aifc */,
				50CE942123AD377800A7AB3C /* perfect4_dec_song.aifc */,
				50CE941B23AD377800A7AB3C /* perfect5_asc_song.aifc */,
				50CE942323AD377800A7AB3C /* perfect5_dec_song.aifc */,
				50CE942423AD377800A7AB3C /* perfect8_asc_song.aifc */,
				50CE942A23AD377800A7AB3C /* perfect8_dec_song.aifc */,
				50CE942D23AD377900A7AB3C /* tt_asc_song.aifc */,
				50CE941823AD377800A7AB3C /* tt_dec_song.aifc */,
			);
			path = Songs;
			sourceTree = "<group>";
		};
/* End PBXGroup section */

/* Begin PBXNativeTarget section */
		505ABEA523A5E47900D55377 /* Intervals */ = {
			isa = PBXNativeTarget;
			buildConfigurationList = 505ABEB823A5E47A00D55377 /* Build configuration list for PBXNativeTarget "Intervals" */;
			buildPhases = (
				505ABEA223A5E47900D55377 /* Sources */,
				505ABEA323A5E47900D55377 /* Frameworks */,
				505ABEA423A5E47900D55377 /* Resources */,
			);
			buildRules = (
			);
			dependencies = (
			);
			name = Intervals;
			productName = Intervals;
			productReference = 505ABEA623A5E47900D55377 /* Intervals.app */;
			productType = "com.apple.product-type.application";
		};
/* End PBXNativeTarget section */

/* Begin PBXProject section */
		505ABE9E23A5E47900D55377 /* Project object */ = {
			isa = PBXProject;
			attributes = {
				LastSwiftUpdateCheck = 1030;
				LastUpgradeCheck = 1030;
				ORGANIZATIONNAME = "Cass Pangell";
				TargetAttributes = {
					505ABEA523A5E47900D55377 = {
						CreatedOnToolsVersion = 10.3;
					};
				};
			};
			buildConfigurationList = 505ABEA123A5E47900D55377 /* Build configuration list for PBXProject "Intervals" */;
			compatibilityVersion = "Xcode 9.3";
			developmentRegion = en;
			hasScannedForEncodings = 0;
			knownRegions = (
				en,
				Base,
			);
			mainGroup = 505ABE9D23A5E47900D55377;
			productRefGroup = 505ABEA723A5E47900D55377 /* Products */;
			projectDirPath = "";
			projectRoot = "";
			targets = (
				505ABEA523A5E47900D55377 /* Intervals */,
			);
		};
/* End PBXProject section */

/* Begin PBXResourcesBuildPhase section */
		505ABEA423A5E47900D55377 /* Resources */ = {
			isa = PBXResourcesBuildPhase;
			buildActionMask = 2147483647;
			files = (
				50E25C5A23A5F0DE00ACEF26 /* C5.aifc in Resources */,
				50E25C6B23A5F79A00ACEF26 /* Intervals.json in Resources */,
				50E25C5323A5F0DE00ACEF26 /* Ab4.aifc in Resources */,
				50CE944023AD377900A7AB3C /* minor3_asc_song.aifc in Resources */,
				50E25C3F23A5F0DE00ACEF26 /* Bb3.aifc in Resources */,
				50CE944523AD377900A7AB3C /* tt_asc_song.aifc in Resources */,
				50E25C3523A5F0DE00ACEF26 /* Db3.aifc in Resources */,
				50E25C4223A5F0DE00ACEF26 /* E4.aifc in Resources */,
				50E25C4523A5F0DE00ACEF26 /* C2.aifc in Resources */,
				50E25C6323A5F2D100ACEF26 /* B2.aifc in Resources */,
				505ABEB423A5E47A00D55377 /* LaunchScreen.storyboard in Resources */,
				50E25C3D23A5F0DE00ACEF26 /* A3.aifc in Resources */,
				50E25C3923A5F0DE00ACEF26 /* Eb4.aifc in Resources */,
				50E25C3B23A5F0DE00ACEF26 /* F5.aifc in Resources */,
				50E25C5523A5F0DE00ACEF26 /* G4.aifc in Resources */,
				50E25C5E23A5F0DE00ACEF26 /* Eb5.aifc in Resources */,
				50CE944723AD377900A7AB3C /* major6_asc_song.aifc in Resources */,
				50CE943723AD377900A7AB3C /* minor3_dec_song.aifc in Resources */,
				50E25C5D23A5F0DE00ACEF26 /* F3.aifc in Resources */,
				50F46A7E23A80215003F8972 /* A6.aifc in Resources */,
				50E25C4123A5F0DE00ACEF26 /* F2.aifc in Resources */,
				50CE943F23AD377900A7AB3C /* major3_dec_song.aifc in Resources */,
				50F46A7C23A801E4003F8972 /* Gb6.aifc in Resources */,
				50E25C6123A5F14100ACEF26 /* A2.aifc in Resources */,
				50E25C5B23A5F0DE00ACEF26 /* G5.aifc in Resources */,
				50E25C4D23A5F0DE00ACEF26 /* E2.aifc in Resources */,
				50CE944123AD377900A7AB3C /* minor7_dec_song.aifc in Resources */,
				50E25C4023A5F0DE00ACEF26 /* Gb3.aifc in Resources */,
				50E25C4E23A5F0DE00ACEF26 /* B3.aifc in Resources */,
				50E25C5F23A5F0DE00ACEF26 /* F4.aifc in Resources */,
				50E25C4923A5F0DE00ACEF26 /* Bb5.aifc in Resources */,
				50E25C3723A5F0DE00ACEF26 /* E5.aifc in Resources */,
				50E25C3823A5F0DE00ACEF26 /* A4.aifc in Resources */,
				50E25C4823A5F0DE00ACEF26 /* B4.aifc in Resources */,
				50E25C4C23A5F0DE00ACEF26 /* Db4.aifc in Resources */,
				50CE943B23AD377900A7AB3C /* perfect5_dec_song.aifc in Resources */,
				50F46A7623A801E4003F8972 /* E6.aifc in Resources */,
				50F46A7423A801E4003F8972 /* Db6.aifc in Resources */,
				50E25C3C23A5F0DE00ACEF26 /* Ab3.aifc in Resources */,
				50CE943223AD377900A7AB3C /* minor2_asc_song.aifc in Resources */,
				50CE944423AD377900A7AB3C /* major7_asc_song.aifc in Resources */,
				50E25C5123A5F0DE00ACEF26 /* Db5.aifc in Resources */,
				50E25C5023A5F0DE00ACEF26 /* A5.aifc in Resources */,
				50F46A8023A80252003F8972 /* Ab6.aifc in Resources */,
				50E25C4323A5F0DE00ACEF26 /* Gb2.aifc in Resources */,
				50E25C5723A5F0DE00ACEF26 /* C4.aifc in Resources */,
				50CE943423AD377900A7AB3C /* major2_asc_song.aifc in Resources */,
				50E25C3623A5F0DE00ACEF26 /* D2.aifc in Resources */,
				50E25C5623A5F0DE00ACEF26 /* Gb5.aifc in Resources */,
				50E25C4623A5F0DE00ACEF26 /* Bb2.aifc in Resources */,
				50E25C3323A5F0DE00ACEF26 /* Ab5.aifc in Resources */,
				50CE943123AD377900A7AB3C /* major2_dec_song.aifc in Resources */,
				50E25C4423A5F0DE00ACEF26 /* D5.aifc in Resources */,
				50F46A7B23A801E4003F8972 /* G6.aifc in Resources */,
				50F46A7823A801E4003F8972 /* C6.aifc in Resources */,
				50CE943623AD377900A7AB3C /* minor6_dec_song.aifc in Resources */,
				50E25C4723A5F0DE00ACEF26 /* Eb2.aifc in Resources */,
				50CE944623AD377900A7AB3C /* minor2_dec_song.aifc in Resources */,
				50E25C4A23A5F0DE00ACEF26 /* B5.aifc in Resources */,
				50CE943E23AD377900A7AB3C /* minor7_asc_song.aifc in Resources */,
				50F46A7A23A801E4003F8972 /* Eb6.aifc in Resources */,
				50E25C3423A5F0DE00ACEF26 /* Gb4.aifc in Resources */,
				505ABEB123A5E47A00D55377 /* Assets.xcassets in Resources */,
				50CE943823AD377900A7AB3C /* major6_dec_song.aifc in Resources */,
				50CE943523AD377900A7AB3C /* minor6_asc_song.aifc in Resources */,
				50F46A7923A801E4003F8972 /* B6.aifc in Resources */,
				50CE943923AD377900A7AB3C /* perfect4_dec_song.aifc in Resources */,
				50CE943023AD377900A7AB3C /* tt_dec_song.aifc in Resources */,
				50E25C3E23A5F0DE00ACEF26 /* Eb3.aifc in Resources */,
				50CE944223AD377900A7AB3C /* perfect8_dec_song.aifc in Resources */,
				50E25C4B23A5F0DE00ACEF26 /* Db2.aifc in Resources */,
				50E25C6523A5F2E900ACEF26 /* E3.aifc in Resources */,
				50CE943C23AD377900A7AB3C /* perfect8_asc_song.aifc in Resources */,
				50CE944323AD377900A7AB3C /* major3_asc_song.aifc in Resources */,
				50CE943D23AD377900A7AB3C /* perfect4_asc_song.aifc in Resources */,
				505ABEAF23A5E47900D55377 /* Main.storyboard in Resources */,
				50F46A7323A801E4003F8972 /* D6.aifc in Resources */,
				50F46A7723A801E4003F8972 /* F6.aifc in Resources */,
				50E25C4F23A5F0DE00ACEF26 /* C3.aifc in Resources */,
				50E25C5C23A5F0DE00ACEF26 /* D4.aifc in Resources */,
				50E25C3A23A5F0DE00ACEF26 /* G2.aifc in Resources */,
				50E25C5423A5F0DE00ACEF26 /* Bb4.aifc in Resources */,
				50E25C5923A5F0DE00ACEF26 /* D3.aifc in Resources */,
				50F46A7523A801E4003F8972 /* Bb6.aifc in Resources */,
				50CE943A23AD377900A7AB3C /* major7_dec_song.aifc in Resources */,
				50CE943323AD377900A7AB3C /* perfect5_asc_song.aifc in Resources */,
				50E25C5823A5F0DE00ACEF26 /* Ab2.aifc in Resources */,
				50E25C5223A5F0DE00ACEF26 /* G3.aifc in Resources */,
			);
			runOnlyForDeploymentPostprocessing = 0;
		};
/* End PBXResourcesBuildPhase section */

/* Begin PBXSourcesBuildPhase section */
		505ABEA223A5E47900D55377 /* Sources */ = {
			isa = PBXSourcesBuildPhase;
			buildActionMask = 2147483647;
			files = (
				50E25C6D23A7312300ACEF26 /* Hardware.swift in Sources */,
				505ABEAC23A5E47900D55377 /* ViewController.swift in Sources */,
				50CE944923ADE3CE00A7AB3C /* IntervalColor.swift in Sources */,
				50CE941623AA843D00A7AB3C /* SettingsViewController.swift in Sources */,
				50F46A6823A7FAB7003F8972 /* GSAudio.swift in Sources */,
				501FB30523AEC8920057BD3A /* Gamify.swift in Sources */,
				5099776323A9EAC400CE0B9A /* Toggle.swift in Sources */,
				505ABEAA23A5E47900D55377 /* AppDelegate.swift in Sources */,
				50E25C6F23A73A4000ACEF26 /* Models.swift in Sources */,
			);
			runOnlyForDeploymentPostprocessing = 0;
		};
/* End PBXSourcesBuildPhase section */

/* Begin PBXVariantGroup section */
		505ABEAD23A5E47900D55377 /* Main.storyboard */ = {
			isa = PBXVariantGroup;
			children = (
				505ABEAE23A5E47900D55377 /* Base */,
			);
			name = Main.storyboard;
			sourceTree = "<group>";
		};
		505ABEB223A5E47A00D55377 /* LaunchScreen.storyboard */ = {
			isa = PBXVariantGroup;
			children = (
				505ABEB323A5E47A00D55377 /* Base */,
			);
			name = LaunchScreen.storyboard;
			sourceTree = "<group>";
		};
/* End PBXVariantGroup section */

/* Begin XCBuildConfiguration section */
		505ABEB623A5E47A00D55377 /* Debug */ = {
			isa = XCBuildConfiguration;
			buildSettings = {
				ALWAYS_SEARCH_USER_PATHS = NO;
				CLANG_ANALYZER_NONNULL = YES;
				CLANG_ANALYZER_NUMBER_OBJECT_CONVERSION = YES_AGGRESSIVE;
				CLANG_CXX_LANGUAGE_STANDARD = "gnu++14";
				CLANG_CXX_LIBRARY = "libc++";
				CLANG_ENABLE_MODULES = YES;
				CLANG_ENABLE_OBJC_ARC = YES;
				CLANG_ENABLE_OBJC_WEAK = YES;
				CLANG_WARN_BLOCK_CAPTURE_AUTORELEASING = YES;
				CLANG_WARN_BOOL_CONVERSION = YES;
				CLANG_WARN_COMMA = YES;
				CLANG_WARN_CONSTANT_CONVERSION = YES;
				CLANG_WARN_DEPRECATED_OBJC_IMPLEMENTATIONS = YES;
				CLANG_WARN_DIRECT_OBJC_ISA_USAGE = YES_ERROR;
				CLANG_WARN_DOCUMENTATION_COMMENTS = YES;
				CLANG_WARN_EMPTY_BODY = YES;
				CLANG_WARN_ENUM_CONVERSION = YES;
				CLANG_WARN_INFINITE_RECURSION = YES;
				CLANG_WARN_INT_CONVERSION = YES;
				CLANG_WARN_NON_LITERAL_NULL_CONVERSION = YES;
				CLANG_WARN_OBJC_IMPLICIT_RETAIN_SELF = YES;
				CLANG_WARN_OBJC_LITERAL_CONVERSION = YES;
				CLANG_WARN_OBJC_ROOT_CLASS = YES_ERROR;
				CLANG_WARN_RANGE_LOOP_ANALYSIS = YES;
				CLANG_WARN_STRICT_PROTOTYPES = YES;
				CLANG_WARN_SUSPICIOUS_MOVE = YES;
				CLANG_WARN_UNGUARDED_AVAILABILITY = YES_AGGRESSIVE;
				CLANG_WARN_UNREACHABLE_CODE = YES;
				CLANG_WARN__DUPLICATE_METHOD_MATCH = YES;
				CODE_SIGN_IDENTITY = "iPhone Developer";
				COPY_PHASE_STRIP = NO;
				DEBUG_INFORMATION_FORMAT = dwarf;
				ENABLE_STRICT_OBJC_MSGSEND = YES;
				ENABLE_TESTABILITY = YES;
				GCC_C_LANGUAGE_STANDARD = gnu11;
				GCC_DYNAMIC_NO_PIC = NO;
				GCC_NO_COMMON_BLOCKS = YES;
				GCC_OPTIMIZATION_LEVEL = 0;
				GCC_PREPROCESSOR_DEFINITIONS = (
					"DEBUG=1",
					"$(inherited)",
				);
				GCC_WARN_64_TO_32_BIT_CONVERSION = YES;
				GCC_WARN_ABOUT_RETURN_TYPE = YES_ERROR;
				GCC_WARN_UNDECLARED_SELECTOR = YES;
				GCC_WARN_UNINITIALIZED_AUTOS = YES_AGGRESSIVE;
				GCC_WARN_UNUSED_FUNCTION = YES;
				GCC_WARN_UNUSED_VARIABLE = YES;
				IPHONEOS_DEPLOYMENT_TARGET = 12.4;
				MTL_ENABLE_DEBUG_INFO = INCLUDE_SOURCE;
				MTL_FAST_MATH = YES;
				ONLY_ACTIVE_ARCH = YES;
				SDKROOT = iphoneos;
				SWIFT_ACTIVE_COMPILATION_CONDITIONS = DEBUG;
				SWIFT_OPTIMIZATION_LEVEL = "-Onone";
			};
			name = Debug;
		};
		505ABEB723A5E47A00D55377 /* Release */ = {
			isa = XCBuildConfiguration;
			buildSettings = {
				ALWAYS_SEARCH_USER_PATHS = NO;
				CLANG_ANALYZER_NONNULL = YES;
				CLANG_ANALYZER_NUMBER_OBJECT_CONVERSION = YES_AGGRESSIVE;
				CLANG_CXX_LANGUAGE_STANDARD = "gnu++14";
				CLANG_CXX_LIBRARY = "libc++";
				CLANG_ENABLE_MODULES = YES;
				CLANG_ENABLE_OBJC_ARC = YES;
				CLANG_ENABLE_OBJC_WEAK = YES;
				CLANG_WARN_BLOCK_CAPTURE_AUTORELEASING = YES;
				CLANG_WARN_BOOL_CONVERSION = YES;
				CLANG_WARN_COMMA = YES;
				CLANG_WARN_CONSTANT_CONVERSION = YES;
				CLANG_WARN_DEPRECATED_OBJC_IMPLEMENTATIONS = YES;
				CLANG_WARN_DIRECT_OBJC_ISA_USAGE = YES_ERROR;
				CLANG_WARN_DOCUMENTATION_COMMENTS = YES;
				CLANG_WARN_EMPTY_BODY = YES;
				CLANG_WARN_ENUM_CONVERSION = YES;
				CLANG_WARN_INFINITE_RECURSION = YES;
				CLANG_WARN_INT_CONVERSION = YES;
				CLANG_WARN_NON_LITERAL_NULL_CONVERSION = YES;
				CLANG_WARN_OBJC_IMPLICIT_RETAIN_SELF = YES;
				CLANG_WARN_OBJC_LITERAL_CONVERSION = YES;
				CLANG_WARN_OBJC_ROOT_CLASS = YES_ERROR;
				CLANG_WARN_RANGE_LOOP_ANALYSIS = YES;
				CLANG_WARN_STRICT_PROTOTYPES = YES;
				CLANG_WARN_SUSPICIOUS_MOVE = YES;
				CLANG_WARN_UNGUARDED_AVAILABILITY = YES_AGGRESSIVE;
				CLANG_WARN_UNREACHABLE_CODE = YES;
				CLANG_WARN__DUPLICATE_METHOD_MATCH = YES;
				CODE_SIGN_IDENTITY = "iPhone Developer";
				COPY_PHASE_STRIP = NO;
				DEBUG_INFORMATION_FORMAT = "dwarf-with-dsym";
				ENABLE_NS_ASSERTIONS = NO;
				ENABLE_STRICT_OBJC_MSGSEND = YES;
				GCC_C_LANGUAGE_STANDARD = gnu11;
				GCC_NO_COMMON_BLOCKS = YES;
				GCC_WARN_64_TO_32_BIT_CONVERSION = YES;
				GCC_WARN_ABOUT_RETURN_TYPE = YES_ERROR;
				GCC_WARN_UNDECLARED_SELECTOR = YES;
				GCC_WARN_UNINITIALIZED_AUTOS = YES_AGGRESSIVE;
				GCC_WARN_UNUSED_FUNCTION = YES;
				GCC_WARN_UNUSED_VARIABLE = YES;
				IPHONEOS_DEPLOYMENT_TARGET = 12.4;
				MTL_ENABLE_DEBUG_INFO = NO;
				MTL_FAST_MATH = YES;
				SDKROOT = iphoneos;
				SWIFT_COMPILATION_MODE = wholemodule;
				SWIFT_OPTIMIZATION_LEVEL = "-O";
				VALIDATE_PRODUCT = YES;
			};
			name = Release;
		};
		505ABEB923A5E47A00D55377 /* Debug */ = {
			isa = XCBuildConfiguration;
			buildSettings = {
				ASSETCATALOG_COMPILER_APPICON_NAME = AppIcon;
				CODE_SIGN_STYLE = Automatic;
				DEVELOPMENT_TEAM = "";
				INFOPLIST_FILE = Intervals/Info.plist;
				LD_RUNPATH_SEARCH_PATHS = (
					"$(inherited)",
					"@executable_path/Frameworks",
				);
				PRODUCT_BUNDLE_IDENTIFIER = com.cass.intervals.Intervals;
				PRODUCT_NAME = "$(TARGET_NAME)";
				SWIFT_VERSION = 5.0;
				TARGETED_DEVICE_FAMILY = "1,2";
			};
			name = Debug;
		};
		505ABEBA23A5E47A00D55377 /* Release */ = {
			isa = XCBuildConfiguration;
			buildSettings = {
				ASSETCATALOG_COMPILER_APPICON_NAME = AppIcon;
				CODE_SIGN_STYLE = Automatic;
				DEVELOPMENT_TEAM = "";
				INFOPLIST_FILE = Intervals/Info.plist;
				LD_RUNPATH_SEARCH_PATHS = (
					"$(inherited)",
					"@executable_path/Frameworks",
				);
				PRODUCT_BUNDLE_IDENTIFIER = com.cass.intervals.Intervals;
				PRODUCT_NAME = "$(TARGET_NAME)";
				SWIFT_VERSION = 5.0;
				TARGETED_DEVICE_FAMILY = "1,2";
			};
			name = Release;
		};
/* End XCBuildConfiguration section */

/* Begin XCConfigurationList section */
		505ABEA123A5E47900D55377 /* Build configuration list for PBXProject "Intervals" */ = {
			isa = XCConfigurationList;
			buildConfigurations = (
				505ABEB623A5E47A00D55377 /* Debug */,
				505ABEB723A5E47A00D55377 /* Release */,
			);
			defaultConfigurationIsVisible = 0;
			defaultConfigurationName = Release;
		};
		505ABEB823A5E47A00D55377 /* Build configuration list for PBXNativeTarget "Intervals" */ = {
			isa = XCConfigurationList;
			buildConfigurations = (
				505ABEB923A5E47A00D55377 /* Debug */,
				505ABEBA23A5E47A00D55377 /* Release */,
			);
			defaultConfigurationIsVisible = 0;
			defaultConfigurationName = Release;
		};
/* End XCConfigurationList section */
	};
	rootObject = 505ABE9E23A5E47900D55377 /* Project object */;
}
